// !$*UTF8*$!
{
	archiveVersion = 1;
	classes = {
	};
	objectVersion = 50;
	objects = {

/* Begin PBXBuildFile section */
		FE1EDFB9215F2C73003FC598 /* world_cities.sqlite in Resources */ = {isa = PBXBuildFile; fileRef = FE1EDFB8215F2C72003FC598 /* world_cities.sqlite */; };
		FE1EDFC6215F5834003FC598 /* LocationListCell.swift in Sources */ = {isa = PBXBuildFile; fileRef = FE1EDFC5215F5834003FC598 /* LocationListCell.swift */; };
		FE1EDFC8215F6C7E003FC598 /* CountryListController.swift in Sources */ = {isa = PBXBuildFile; fileRef = FE1EDFC7215F6C7E003FC598 /* CountryListController.swift */; };
		FE1EDFCA215F6DC8003FC598 /* LocationInfoHelper.swift in Sources */ = {isa = PBXBuildFile; fileRef = FE1EDFC9215F6DC8003FC598 /* LocationInfoHelper.swift */; };
		FE714059215E081B00DC6A34 /* AppDelegate.swift in Sources */ = {isa = PBXBuildFile; fileRef = FE714058215E081B00DC6A34 /* AppDelegate.swift */; };
		FE71405B215E081B00DC6A34 /* ViewController.swift in Sources */ = {isa = PBXBuildFile; fileRef = FE71405A215E081B00DC6A34 /* ViewController.swift */; };
		FE71405E215E081C00DC6A34 /* Main.storyboard in Resources */ = {isa = PBXBuildFile; fileRef = FE71405C215E081C00DC6A34 /* Main.storyboard */; };
		FE714060215E081D00DC6A34 /* Assets.xcassets in Resources */ = {isa = PBXBuildFile; fileRef = FE71405F215E081D00DC6A34 /* Assets.xcassets */; };
		FE714063215E081D00DC6A34 /* LaunchScreen.storyboard in Resources */ = {isa = PBXBuildFile; fileRef = FE714061215E081D00DC6A34 /* LaunchScreen.storyboard */; };
		FE71406E215E081D00DC6A34 /* CityPickerTests.swift in Sources */ = {isa = PBXBuildFile; fileRef = FE71406D215E081D00DC6A34 /* CityPickerTests.swift */; };
		FE714079215E081D00DC6A34 /* CityPickerUITests.swift in Sources */ = {isa = PBXBuildFile; fileRef = FE714078215E081D00DC6A34 /* CityPickerUITests.swift */; };
		FE7140A0215E0E4300DC6A34 /* sqlcipher.framework in Frameworks */ = {isa = PBXBuildFile; fileRef = FE71409F215E0E4300DC6A34 /* sqlcipher.framework */; };
		FE7140A1215E0E4300DC6A34 /* sqlcipher.framework in Embed Frameworks */ = {isa = PBXBuildFile; fileRef = FE71409F215E0E4300DC6A34 /* sqlcipher.framework */; settings = {ATTRIBUTES = (CodeSignOnCopy, RemoveHeadersOnCopy, ); }; };
		FE7140A3215E0E4300DC6A34 /* sqliterk.framework in Frameworks */ = {isa = PBXBuildFile; fileRef = FE7140A2215E0E4300DC6A34 /* sqliterk.framework */; };
		FE7140A4215E0E4300DC6A34 /* sqliterk.framework in Embed Frameworks */ = {isa = PBXBuildFile; fileRef = FE7140A2215E0E4300DC6A34 /* sqliterk.framework */; settings = {ATTRIBUTES = (CodeSignOnCopy, RemoveHeadersOnCopy, ); }; };
		FE7140A5215E0E4300DC6A34 /* WCDBSwift.framework in Frameworks */ = {isa = PBXBuildFile; fileRef = FE71409E215E0DF900DC6A34 /* WCDBSwift.framework */; };
		FE7140A6215E0E4300DC6A34 /* WCDBSwift.framework in Embed Frameworks */ = {isa = PBXBuildFile; fileRef = FE71409E215E0DF900DC6A34 /* WCDBSwift.framework */; settings = {ATTRIBUTES = (CodeSignOnCopy, RemoveHeadersOnCopy, ); }; };
		FE7140AE215E109700DC6A34 /* LocationModel.swift in Sources */ = {isa = PBXBuildFile; fileRef = FE7140AD215E109700DC6A34 /* LocationModel.swift */; };
		FE7140B0215E11E100DC6A34 /* LocationListBaseController.swift in Sources */ = {isa = PBXBuildFile; fileRef = FE7140AF215E11E100DC6A34 /* LocationListBaseController.swift */; };
		FED68F78215F869300CFE77C /* StateListController.swift in Sources */ = {isa = PBXBuildFile; fileRef = FED68F77215F869300CFE77C /* StateListController.swift */; };
		FED68F7A215F869F00CFE77C /* CityListController.swift in Sources */ = {isa = PBXBuildFile; fileRef = FED68F79215F869F00CFE77C /* CityListController.swift */; };
/* End PBXBuildFile section */

/* Begin PBXContainerItemProxy section */
		FE71406A215E081D00DC6A34 /* PBXContainerItemProxy */ = {
			isa = PBXContainerItemProxy;
			containerPortal = FE71404D215E081B00DC6A34 /* Project object */;
			proxyType = 1;
			remoteGlobalIDString = FE714054215E081B00DC6A34;
			remoteInfo = CityPicker;
		};
		FE714075215E081D00DC6A34 /* PBXContainerItemProxy */ = {
			isa = PBXContainerItemProxy;
			containerPortal = FE71404D215E081B00DC6A34 /* Project object */;
			proxyType = 1;
			remoteGlobalIDString = FE714054215E081B00DC6A34;
			remoteInfo = CityPicker;
		};
		FE71409D215E0DF900DC6A34 /* PBXContainerItemProxy */ = {
			isa = PBXContainerItemProxy;
			containerPortal = FE714096215E0DF900DC6A34 /* WCDB.swift.xcodeproj */;
			proxyType = 2;
			remoteGlobalIDString = 238D0B031FAB1F4300BC2659;
			remoteInfo = WCDB.swift;
		};
		FE7140A7215E0E4300DC6A34 /* PBXContainerItemProxy */ = {
			isa = PBXContainerItemProxy;
			containerPortal = FE714096215E0DF900DC6A34 /* WCDB.swift.xcodeproj */;
			proxyType = 1;
			remoteGlobalIDString = 238D0B021FAB1F4300BC2659;
			remoteInfo = WCDB.swift;
		};
/* End PBXContainerItemProxy section */

/* Begin PBXCopyFilesBuildPhase section */
		FE7140A9215E0E4300DC6A34 /* Embed Frameworks */ = {
			isa = PBXCopyFilesBuildPhase;
			buildActionMask = 2147483647;
			dstPath = "";
			dstSubfolderSpec = 10;
			files = (
				FE7140A1215E0E4300DC6A34 /* sqlcipher.framework in Embed Frameworks */,
				FE7140A6215E0E4300DC6A34 /* WCDBSwift.framework in Embed Frameworks */,
				FE7140A4215E0E4300DC6A34 /* sqliterk.framework in Embed Frameworks */,
			);
			name = "Embed Frameworks";
			runOnlyForDeploymentPostprocessing = 0;
		};
/* End PBXCopyFilesBuildPhase section */

/* Begin PBXFileReference section */
		FE1EDFB8215F2C72003FC598 /* world_cities.sqlite */ = {isa = PBXFileReference; lastKnownFileType = file; path = world_cities.sqlite; sourceTree = "<group>"; };
		FE1EDFC1215F5148003FC598 /* CoreTelephony.framework */ = {isa = PBXFileReference; lastKnownFileType = wrapper.framework; name = CoreTelephony.framework; path = System/Library/Frameworks/CoreTelephony.framework; sourceTree = SDKROOT; };
		FE1EDFC5215F5834003FC598 /* LocationListCell.swift */ = {isa = PBXFileReference; lastKnownFileType = sourcecode.swift; path = LocationListCell.swift; sourceTree = "<group>"; };
		FE1EDFC7215F6C7E003FC598 /* CountryListController.swift */ = {isa = PBXFileReference; lastKnownFileType = sourcecode.swift; path = CountryListController.swift; sourceTree = "<group>"; };
		FE1EDFC9215F6DC8003FC598 /* LocationInfoHelper.swift */ = {isa = PBXFileReference; lastKnownFileType = sourcecode.swift; path = LocationInfoHelper.swift; sourceTree = "<group>"; };
		FE714055215E081B00DC6A34 /* CityPicker.app */ = {isa = PBXFileReference; explicitFileType = wrapper.application; includeInIndex = 0; path = CityPicker.app; sourceTree = BUILT_PRODUCTS_DIR; };
		FE714058215E081B00DC6A34 /* AppDelegate.swift */ = {isa = PBXFileReference; lastKnownFileType = sourcecode.swift; path = AppDelegate.swift; sourceTree = "<group>"; };
		FE71405A215E081B00DC6A34 /* ViewController.swift */ = {isa = PBXFileReference; lastKnownFileType = sourcecode.swift; path = ViewController.swift; sourceTree = "<group>"; };
		FE71405D215E081C00DC6A34 /* Base */ = {isa = PBXFileReference; lastKnownFileType = file.storyboard; name = Base; path = Base.lproj/Main.storyboard; sourceTree = "<group>"; };
		FE71405F215E081D00DC6A34 /* Assets.xcassets */ = {isa = PBXFileReference; lastKnownFileType = folder.assetcatalog; path = Assets.xcassets; sourceTree = "<group>"; };
		FE714062215E081D00DC6A34 /* Base */ = {isa = PBXFileReference; lastKnownFileType = file.storyboard; name = Base; path = Base.lproj/LaunchScreen.storyboard; sourceTree = "<group>"; };
		FE714064215E081D00DC6A34 /* Info.plist */ = {isa = PBXFileReference; lastKnownFileType = text.plist.xml; path = Info.plist; sourceTree = "<group>"; };
		FE714069215E081D00DC6A34 /* CityPickerTests.xctest */ = {isa = PBXFileReference; explicitFileType = wrapper.cfbundle; includeInIndex = 0; path = CityPickerTests.xctest; sourceTree = BUILT_PRODUCTS_DIR; };
		FE71406D215E081D00DC6A34 /* CityPickerTests.swift */ = {isa = PBXFileReference; lastKnownFileType = sourcecode.swift; path = CityPickerTests.swift; sourceTree = "<group>"; };
		FE71406F215E081D00DC6A34 /* Info.plist */ = {isa = PBXFileReference; lastKnownFileType = text.plist.xml; path = Info.plist; sourceTree = "<group>"; };
		FE714074215E081D00DC6A34 /* CityPickerUITests.xctest */ = {isa = PBXFileReference; explicitFileType = wrapper.cfbundle; includeInIndex = 0; path = CityPickerUITests.xctest; sourceTree = BUILT_PRODUCTS_DIR; };
		FE714078215E081D00DC6A34 /* CityPickerUITests.swift */ = {isa = PBXFileReference; lastKnownFileType = sourcecode.swift; path = CityPickerUITests.swift; sourceTree = "<group>"; };
		FE71407A215E081D00DC6A34 /* Info.plist */ = {isa = PBXFileReference; lastKnownFileType = text.plist.xml; path = Info.plist; sourceTree = "<group>"; };
		FE714096215E0DF900DC6A34 /* WCDB.swift.xcodeproj */ = {isa = PBXFileReference; lastKnownFileType = "wrapper.pb-project"; name = WCDB.swift.xcodeproj; path = WCDB/swift/WCDB.swift.xcodeproj; sourceTree = SOURCE_ROOT; };
		FE71409F215E0E4300DC6A34 /* sqlcipher.framework */ = {isa = PBXFileReference; explicitFileType = wrapper.framework; path = sqlcipher.framework; sourceTree = BUILT_PRODUCTS_DIR; };
		FE7140A2215E0E4300DC6A34 /* sqliterk.framework */ = {isa = PBXFileReference; explicitFileType = wrapper.framework; path = sqliterk.framework; sourceTree = BUILT_PRODUCTS_DIR; };
		FE7140AD215E109700DC6A34 /* LocationModel.swift */ = {isa = PBXFileReference; lastKnownFileType = sourcecode.swift; path = LocationModel.swift; sourceTree = "<group>"; };
		FE7140AF215E11E100DC6A34 /* LocationListBaseController.swift */ = {isa = PBXFileReference; lastKnownFileType = sourcecode.swift; path = LocationListBaseController.swift; sourceTree = "<group>"; };
		FED68F77215F869300CFE77C /* StateListController.swift */ = {isa = PBXFileReference; lastKnownFileType = sourcecode.swift; path = StateListController.swift; sourceTree = "<group>"; };
		FED68F79215F869F00CFE77C /* CityListController.swift */ = {isa = PBXFileReference; lastKnownFileType = sourcecode.swift; path = CityListController.swift; sourceTree = "<group>"; };
		FED68F7B215F8DF300CFE77C /* zh-Hans */ = {isa = PBXFileReference; lastKnownFileType = text.plist.strings; name = "zh-Hans"; path = "zh-Hans.lproj/Main.strings"; sourceTree = "<group>"; };
		FED68F7C215F8DF300CFE77C /* zh-Hans */ = {isa = PBXFileReference; lastKnownFileType = text.plist.strings; name = "zh-Hans"; path = "zh-Hans.lproj/LaunchScreen.strings"; sourceTree = "<group>"; };
/* End PBXFileReference section */

/* Begin PBXFrameworksBuildPhase section */
		FE714052215E081B00DC6A34 /* Frameworks */ = {
			isa = PBXFrameworksBuildPhase;
			buildActionMask = 2147483647;
			files = (
				FE7140A0215E0E4300DC6A34 /* sqlcipher.framework in Frameworks */,
				FE7140A5215E0E4300DC6A34 /* WCDBSwift.framework in Frameworks */,
				FE7140A3215E0E4300DC6A34 /* sqliterk.framework in Frameworks */,
			);
			runOnlyForDeploymentPostprocessing = 0;
		};
		FE714066215E081D00DC6A34 /* Frameworks */ = {
			isa = PBXFrameworksBuildPhase;
			buildActionMask = 2147483647;
			files = (
			);
			runOnlyForDeploymentPostprocessing = 0;
		};
		FE714071215E081D00DC6A34 /* Frameworks */ = {
			isa = PBXFrameworksBuildPhase;
			buildActionMask = 2147483647;
			files = (
			);
			runOnlyForDeploymentPostprocessing = 0;
		};
/* End PBXFrameworksBuildPhase section */

/* Begin PBXGroup section */
		FE1EDFC0215F5148003FC598 /* Frameworks */ = {
			isa = PBXGroup;
			children = (
				FE1EDFC1215F5148003FC598 /* CoreTelephony.framework */,
			);
			name = Frameworks;
			sourceTree = "<group>";
		};
		FE71404C215E081B00DC6A34 = {
			isa = PBXGroup;
			children = (
				FE7140A2215E0E4300DC6A34 /* sqliterk.framework */,
				FE71409F215E0E4300DC6A34 /* sqlcipher.framework */,
				FE714057215E081B00DC6A34 /* CityPicker */,
				FE71406C215E081D00DC6A34 /* CityPickerTests */,
				FE714077215E081D00DC6A34 /* CityPickerUITests */,
				FE714056215E081B00DC6A34 /* Products */,
				FE1EDFC0215F5148003FC598 /* Frameworks */,
			);
			sourceTree = "<group>";
		};
		FE714056215E081B00DC6A34 /* Products */ = {
			isa = PBXGroup;
			children = (
				FE714055215E081B00DC6A34 /* CityPicker.app */,
				FE714069215E081D00DC6A34 /* CityPickerTests.xctest */,
				FE714074215E081D00DC6A34 /* CityPickerUITests.xctest */,
			);
			name = Products;
			sourceTree = "<group>";
		};
		FE714057215E081B00DC6A34 /* CityPicker */ = {
			isa = PBXGroup;
			children = (
				FE714096215E0DF900DC6A34 /* WCDB.swift.xcodeproj */,
				FE714086215E083000DC6A34 /* CityPicker */,
				FE714058215E081B00DC6A34 /* AppDelegate.swift */,
				FE71405A215E081B00DC6A34 /* ViewController.swift */,
				FE71405C215E081C00DC6A34 /* Main.storyboard */,
				FE71405F215E081D00DC6A34 /* Assets.xcassets */,
				FE714061215E081D00DC6A34 /* LaunchScreen.storyboard */,
				FE1EDFB8215F2C72003FC598 /* world_cities.sqlite */,
				FE714064215E081D00DC6A34 /* Info.plist */,
			);
			path = CityPicker;
			sourceTree = "<group>";
		};
		FE71406C215E081D00DC6A34 /* CityPickerTests */ = {
			isa = PBXGroup;
			children = (
				FE71406D215E081D00DC6A34 /* CityPickerTests.swift */,
				FE71406F215E081D00DC6A34 /* Info.plist */,
			);
			path = CityPickerTests;
			sourceTree = "<group>";
		};
		FE714077215E081D00DC6A34 /* CityPickerUITests */ = {
			isa = PBXGroup;
			children = (
				FE714078215E081D00DC6A34 /* CityPickerUITests.swift */,
				FE71407A215E081D00DC6A34 /* Info.plist */,
			);
			path = CityPickerUITests;
			sourceTree = "<group>";
		};
		FE714086215E083000DC6A34 /* CityPicker */ = {
			isa = PBXGroup;
			children = (
				FE7140AD215E109700DC6A34 /* LocationModel.swift */,
				FE1EDFC9215F6DC8003FC598 /* LocationInfoHelper.swift */,
				FE1EDFC5215F5834003FC598 /* LocationListCell.swift */,
				FE7140AF215E11E100DC6A34 /* LocationListBaseController.swift */,
				FE1EDFC7215F6C7E003FC598 /* CountryListController.swift */,
				FED68F77215F869300CFE77C /* StateListController.swift */,
				FED68F79215F869F00CFE77C /* CityListController.swift */,
			);
			path = CityPicker;
			sourceTree = "<group>";
		};
		FE714097215E0DF900DC6A34 /* Products */ = {
			isa = PBXGroup;
			children = (
				FE71409E215E0DF900DC6A34 /* WCDBSwift.framework */,
			);
			name = Products;
			sourceTree = "<group>";
		};
/* End PBXGroup section */

/* Begin PBXNativeTarget section */
		FE714054215E081B00DC6A34 /* CityPicker */ = {
			isa = PBXNativeTarget;
			buildConfigurationList = FE71407D215E081D00DC6A34 /* Build configuration list for PBXNativeTarget "CityPicker" */;
			buildPhases = (
				FE714051215E081B00DC6A34 /* Sources */,
				FE714052215E081B00DC6A34 /* Frameworks */,
				FE714053215E081B00DC6A34 /* Resources */,
				FE7140A9215E0E4300DC6A34 /* Embed Frameworks */,
			);
			buildRules = (
			);
			dependencies = (
				FE7140A8215E0E4300DC6A34 /* PBXTargetDependency */,
			);
			name = CityPicker;
			productName = CityPicker;
			productReference = FE714055215E081B00DC6A34 /* CityPicker.app */;
			productType = "com.apple.product-type.application";
		};
		FE714068215E081D00DC6A34 /* CityPickerTests */ = {
			isa = PBXNativeTarget;
			buildConfigurationList = FE714080215E081D00DC6A34 /* Build configuration list for PBXNativeTarget "CityPickerTests" */;
			buildPhases = (
				FE714065215E081D00DC6A34 /* Sources */,
				FE714066215E081D00DC6A34 /* Frameworks */,
				FE714067215E081D00DC6A34 /* Resources */,
			);
			buildRules = (
			);
			dependencies = (
				FE71406B215E081D00DC6A34 /* PBXTargetDependency */,
			);
			name = CityPickerTests;
			productName = CityPickerTests;
			productReference = FE714069215E081D00DC6A34 /* CityPickerTests.xctest */;
			productType = "com.apple.product-type.bundle.unit-test";
		};
		FE714073215E081D00DC6A34 /* CityPickerUITests */ = {
			isa = PBXNativeTarget;
			buildConfigurationList = FE714083215E081D00DC6A34 /* Build configuration list for PBXNativeTarget "CityPickerUITests" */;
			buildPhases = (
				FE714070215E081D00DC6A34 /* Sources */,
				FE714071215E081D00DC6A34 /* Frameworks */,
				FE714072215E081D00DC6A34 /* Resources */,
			);
			buildRules = (
			);
			dependencies = (
				FE714076215E081D00DC6A34 /* PBXTargetDependency */,
			);
			name = CityPickerUITests;
			productName = CityPickerUITests;
			productReference = FE714074215E081D00DC6A34 /* CityPickerUITests.xctest */;
			productType = "com.apple.product-type.bundle.ui-testing";
		};
/* End PBXNativeTarget section */

/* Begin PBXProject section */
		FE71404D215E081B00DC6A34 /* Project object */ = {
			isa = PBXProject;
			attributes = {
				LastSwiftUpdateCheck = 1000;
				LastUpgradeCheck = 1000;
				ORGANIZATIONNAME = "龚杰洪";
				TargetAttributes = {
					FE714054215E081B00DC6A34 = {
						CreatedOnToolsVersion = 10.0;
					};
					FE714068215E081D00DC6A34 = {
						CreatedOnToolsVersion = 10.0;
						TestTargetID = FE714054215E081B00DC6A34;
					};
					FE714073215E081D00DC6A34 = {
						CreatedOnToolsVersion = 10.0;
						TestTargetID = FE714054215E081B00DC6A34;
					};
				};
			};
			buildConfigurationList = FE714050215E081B00DC6A34 /* Build configuration list for PBXProject "CityPicker" */;
			compatibilityVersion = "Xcode 9.3";
			developmentRegion = en;
			hasScannedForEncodings = 0;
			knownRegions = (
				en,
				Base,
			);
			mainGroup = FE71404C215E081B00DC6A34;
			productRefGroup = FE714056215E081B00DC6A34 /* Products */;
			projectDirPath = "";
			projectReferences = (
				{
					ProductGroup = FE714097215E0DF900DC6A34 /* Products */;
					ProjectRef = FE714096215E0DF900DC6A34 /* WCDB.swift.xcodeproj */;
				},
			);
			projectRoot = "";
			targets = (
				FE714054215E081B00DC6A34 /* CityPicker */,
				FE714068215E081D00DC6A34 /* CityPickerTests */,
				FE714073215E081D00DC6A34 /* CityPickerUITests */,
			);
		};
/* End PBXProject section */

/* Begin PBXReferenceProxy section */
		FE71409E215E0DF900DC6A34 /* WCDBSwift.framework */ = {
			isa = PBXReferenceProxy;
			fileType = wrapper.framework;
			path = WCDBSwift.framework;
			remoteRef = FE71409D215E0DF900DC6A34 /* PBXContainerItemProxy */;
			sourceTree = BUILT_PRODUCTS_DIR;
		};
/* End PBXReferenceProxy section */

/* Begin PBXResourcesBuildPhase section */
		FE714053215E081B00DC6A34 /* Resources */ = {
			isa = PBXResourcesBuildPhase;
			buildActionMask = 2147483647;
			files = (
				FE714063215E081D00DC6A34 /* LaunchScreen.storyboard in Resources */,
				FE714060215E081D00DC6A34 /* Assets.xcassets in Resources */,
				FE71405E215E081C00DC6A34 /* Main.storyboard in Resources */,
				FE1EDFB9215F2C73003FC598 /* world_cities.sqlite in Resources */,
			);
			runOnlyForDeploymentPostprocessing = 0;
		};
		FE714067215E081D00DC6A34 /* Resources */ = {
			isa = PBXResourcesBuildPhase;
			buildActionMask = 2147483647;
			files = (
			);
			runOnlyForDeploymentPostprocessing = 0;
		};
		FE714072215E081D00DC6A34 /* Resources */ = {
			isa = PBXResourcesBuildPhase;
			buildActionMask = 2147483647;
			files = (
			);
			runOnlyForDeploymentPostprocessing = 0;
		};
/* End PBXResourcesBuildPhase section */

/* Begin PBXSourcesBuildPhase section */
		FE714051215E081B00DC6A34 /* Sources */ = {
			isa = PBXSourcesBuildPhase;
			buildActionMask = 2147483647;
			files = (
				FE71405B215E081B00DC6A34 /* ViewController.swift in Sources */,
				FED68F7A215F869F00CFE77C /* CityListController.swift in Sources */,
				FE1EDFC6215F5834003FC598 /* LocationListCell.swift in Sources */,
				FE1EDFC8215F6C7E003FC598 /* CountryListController.swift in Sources */,
				FE7140AE215E109700DC6A34 /* LocationModel.swift in Sources */,
				FE7140B0215E11E100DC6A34 /* LocationListBaseController.swift in Sources */,
				FED68F78215F869300CFE77C /* StateListController.swift in Sources */,
				FE1EDFCA215F6DC8003FC598 /* LocationInfoHelper.swift in Sources */,
				FE714059215E081B00DC6A34 /* AppDelegate.swift in Sources */,
			);
			runOnlyForDeploymentPostprocessing = 0;
		};
		FE714065215E081D00DC6A34 /* Sources */ = {
			isa = PBXSourcesBuildPhase;
			buildActionMask = 2147483647;
			files = (
				FE71406E215E081D00DC6A34 /* CityPickerTests.swift in Sources */,
			);
			runOnlyForDeploymentPostprocessing = 0;
		};
		FE714070215E081D00DC6A34 /* Sources */ = {
			isa = PBXSourcesBuildPhase;
			buildActionMask = 2147483647;
			files = (
				FE714079215E081D00DC6A34 /* CityPickerUITests.swift in Sources */,
			);
			runOnlyForDeploymentPostprocessing = 0;
		};
/* End PBXSourcesBuildPhase section */

/* Begin PBXTargetDependency section */
		FE71406B215E081D00DC6A34 /* PBXTargetDependency */ = {
			isa = PBXTargetDependency;
			target = FE714054215E081B00DC6A34 /* CityPicker */;
			targetProxy = FE71406A215E081D00DC6A34 /* PBXContainerItemProxy */;
		};
		FE714076215E081D00DC6A34 /* PBXTargetDependency */ = {
			isa = PBXTargetDependency;
			target = FE714054215E081B00DC6A34 /* CityPicker */;
			targetProxy = FE714075215E081D00DC6A34 /* PBXContainerItemProxy */;
		};
		FE7140A8215E0E4300DC6A34 /* PBXTargetDependency */ = {
			isa = PBXTargetDependency;
			name = WCDB.swift;
			targetProxy = FE7140A7215E0E4300DC6A34 /* PBXContainerItemProxy */;
		};
/* End PBXTargetDependency section */

/* Begin PBXVariantGroup section */
		FE71405C215E081C00DC6A34 /* Main.storyboard */ = {
			isa = PBXVariantGroup;
			children = (
				FE71405D215E081C00DC6A34 /* Base */,
				FED68F7B215F8DF300CFE77C /* zh-Hans */,
			);
			name = Main.storyboard;
			sourceTree = "<group>";
		};
		FE714061215E081D00DC6A34 /* LaunchScreen.storyboard */ = {
			isa = PBXVariantGroup;
			children = (
				FE714062215E081D00DC6A34 /* Base */,
				FED68F7C215F8DF300CFE77C /* zh-Hans */,
			);
			name = LaunchScreen.storyboard;
			sourceTree = "<group>";
		};
/* End PBXVariantGroup section */

/* Begin XCBuildConfiguration section */
		FE71407B215E081D00DC6A34 /* Debug */ = {
			isa = XCBuildConfiguration;
			buildSettings = {
				ALWAYS_SEARCH_USER_PATHS = NO;
				CLANG_ANALYZER_LOCALIZABILITY_NONLOCALIZED = YES;
				CLANG_ANALYZER_NONNULL = YES;
				CLANG_ANALYZER_NUMBER_OBJECT_CONVERSION = YES_AGGRESSIVE;
				CLANG_CXX_LANGUAGE_STANDARD = "gnu++14";
				CLANG_CXX_LIBRARY = "libc++";
				CLANG_ENABLE_MODULES = YES;
				CLANG_ENABLE_OBJC_ARC = YES;
				CLANG_ENABLE_OBJC_WEAK = YES;
				CLANG_WARN_BLOCK_CAPTURE_AUTORELEASING = YES;
				CLANG_WARN_BOOL_CONVERSION = YES;
				CLANG_WARN_COMMA = YES;
				CLANG_WARN_CONSTANT_CONVERSION = YES;
				CLANG_WARN_DEPRECATED_OBJC_IMPLEMENTATIONS = YES;
				CLANG_WARN_DIRECT_OBJC_ISA_USAGE = YES_ERROR;
				CLANG_WARN_DOCUMENTATION_COMMENTS = YES;
				CLANG_WARN_EMPTY_BODY = YES;
				CLANG_WARN_ENUM_CONVERSION = YES;
				CLANG_WARN_INFINITE_RECURSION = YES;
				CLANG_WARN_INT_CONVERSION = YES;
				CLANG_WARN_NON_LITERAL_NULL_CONVERSION = YES;
				CLANG_WARN_OBJC_IMPLICIT_RETAIN_SELF = YES;
				CLANG_WARN_OBJC_LITERAL_CONVERSION = YES;
				CLANG_WARN_OBJC_ROOT_CLASS = YES_ERROR;
				CLANG_WARN_RANGE_LOOP_ANALYSIS = YES;
				CLANG_WARN_STRICT_PROTOTYPES = YES;
				CLANG_WARN_SUSPICIOUS_MOVE = YES;
				CLANG_WARN_UNGUARDED_AVAILABILITY = YES_AGGRESSIVE;
				CLANG_WARN_UNREACHABLE_CODE = YES;
				CLANG_WARN__DUPLICATE_METHOD_MATCH = YES;
				CODE_SIGN_IDENTITY = "iPhone Developer";
				COPY_PHASE_STRIP = NO;
				DEBUG_INFORMATION_FORMAT = dwarf;
				ENABLE_STRICT_OBJC_MSGSEND = YES;
				ENABLE_TESTABILITY = YES;
				GCC_C_LANGUAGE_STANDARD = gnu11;
				GCC_DYNAMIC_NO_PIC = NO;
				GCC_NO_COMMON_BLOCKS = YES;
				GCC_OPTIMIZATION_LEVEL = 0;
				GCC_PREPROCESSOR_DEFINITIONS = (
					"DEBUG=1",
					"$(inherited)",
				);
				GCC_WARN_64_TO_32_BIT_CONVERSION = YES;
				GCC_WARN_ABOUT_RETURN_TYPE = YES_ERROR;
				GCC_WARN_UNDECLARED_SELECTOR = YES;
				GCC_WARN_UNINITIALIZED_AUTOS = YES_AGGRESSIVE;
				GCC_WARN_UNUSED_FUNCTION = YES;
				GCC_WARN_UNUSED_VARIABLE = YES;
				IPHONEOS_DEPLOYMENT_TARGET = 12.0;
				MTL_ENABLE_DEBUG_INFO = INCLUDE_SOURCE;
				MTL_FAST_MATH = YES;
				ONLY_ACTIVE_ARCH = YES;
				SDKROOT = iphoneos;
				SWIFT_ACTIVE_COMPILATION_CONDITIONS = DEBUG;
				SWIFT_OPTIMIZATION_LEVEL = "-Onone";
			};
			name = Debug;
		};
		FE71407C215E081D00DC6A34 /* Release */ = {
			isa = XCBuildConfiguration;
			buildSettings = {
				ALWAYS_SEARCH_USER_PATHS = NO;
				CLANG_ANALYZER_LOCALIZABILITY_NONLOCALIZED = YES;
				CLANG_ANALYZER_NONNULL = YES;
				CLANG_ANALYZER_NUMBER_OBJECT_CONVERSION = YES_AGGRESSIVE;
				CLANG_CXX_LANGUAGE_STANDARD = "gnu++14";
				CLANG_CXX_LIBRARY = "libc++";
				CLANG_ENABLE_MODULES = YES;
				CLANG_ENABLE_OBJC_ARC = YES;
				CLANG_ENABLE_OBJC_WEAK = YES;
				CLANG_WARN_BLOCK_CAPTURE_AUTORELEASING = YES;
				CLANG_WARN_BOOL_CONVERSION = YES;
				CLANG_WARN_COMMA = YES;
				CLANG_WARN_CONSTANT_CONVERSION = YES;
				CLANG_WARN_DEPRECATED_OBJC_IMPLEMENTATIONS = YES;
				CLANG_WARN_DIRECT_OBJC_ISA_USAGE = YES_ERROR;
				CLANG_WARN_DOCUMENTATION_COMMENTS = YES;
				CLANG_WARN_EMPTY_BODY = YES;
				CLANG_WARN_ENUM_CONVERSION = YES;
				CLANG_WARN_INFINITE_RECURSION = YES;
				CLANG_WARN_INT_CONVERSION = YES;
				CLANG_WARN_NON_LITERAL_NULL_CONVERSION = YES;
				CLANG_WARN_OBJC_IMPLICIT_RETAIN_SELF = YES;
				CLANG_WARN_OBJC_LITERAL_CONVERSION = YES;
				CLANG_WARN_OBJC_ROOT_CLASS = YES_ERROR;
				CLANG_WARN_RANGE_LOOP_ANALYSIS = YES;
				CLANG_WARN_STRICT_PROTOTYPES = YES;
				CLANG_WARN_SUSPICIOUS_MOVE = YES;
				CLANG_WARN_UNGUARDED_AVAILABILITY = YES_AGGRESSIVE;
				CLANG_WARN_UNREACHABLE_CODE = YES;
				CLANG_WARN__DUPLICATE_METHOD_MATCH = YES;
				CODE_SIGN_IDENTITY = "iPhone Developer";
				COPY_PHASE_STRIP = NO;
				DEBUG_INFORMATION_FORMAT = "dwarf-with-dsym";
				ENABLE_NS_ASSERTIONS = NO;
				ENABLE_STRICT_OBJC_MSGSEND = YES;
				GCC_C_LANGUAGE_STANDARD = gnu11;
				GCC_NO_COMMON_BLOCKS = YES;
				GCC_WARN_64_TO_32_BIT_CONVERSION = YES;
				GCC_WARN_ABOUT_RETURN_TYPE = YES_ERROR;
				GCC_WARN_UNDECLARED_SELECTOR = YES;
				GCC_WARN_UNINITIALIZED_AUTOS = YES_AGGRESSIVE;
				GCC_WARN_UNUSED_FUNCTION = YES;
				GCC_WARN_UNUSED_VARIABLE = YES;
				IPHONEOS_DEPLOYMENT_TARGET = 12.0;
				MTL_ENABLE_DEBUG_INFO = NO;
				MTL_FAST_MATH = YES;
				SDKROOT = iphoneos;
				SWIFT_COMPILATION_MODE = wholemodule;
				SWIFT_OPTIMIZATION_LEVEL = "-O";
				VALIDATE_PRODUCT = YES;
			};
			name = Release;
		};
		FE71407E215E081D00DC6A34 /* Debug */ = {
			isa = XCBuildConfiguration;
			buildSettings = {
				ALWAYS_EMBED_SWIFT_STANDARD_LIBRARIES = YES;
				ASSETCATALOG_COMPILER_APPICON_NAME = AppIcon;
				CODE_SIGN_STYLE = Manual;
				DEVELOPMENT_TEAM = 44YP76NRV2;
				INFOPLIST_FILE = CityPicker/Info.plist;
				IPHONEOS_DEPLOYMENT_TARGET = 9.0;
				LD_RUNPATH_SEARCH_PATHS = (
					"$(inherited)",
					"@executable_path/Frameworks",
				);
				PRODUCT_BUNDLE_IDENTIFIER = cxylg.CityPicker;
				PRODUCT_NAME = "$(TARGET_NAME)";
				PROVISIONING_PROFILE_SPECIFIER = "* Development";
				SWIFT_VERSION = 4.2;
				TARGETED_DEVICE_FAMILY = "1,2";
			};
			name = Debug;
		};
		FE71407F215E081D00DC6A34 /* Release */ = {
			isa = XCBuildConfiguration;
			buildSettings = {
				ALWAYS_EMBED_SWIFT_STANDARD_LIBRARIES = YES;
				ASSETCATALOG_COMPILER_APPICON_NAME = AppIcon;
				CODE_SIGN_STYLE = Manual;
				DEVELOPMENT_TEAM = 44YP76NRV2;
				INFOPLIST_FILE = CityPicker/Info.plist;
				IPHONEOS_DEPLOYMENT_TARGET = 9.0;
				LD_RUNPATH_SEARCH_PATHS = (
					"$(inherited)",
					"@executable_path/Frameworks",
				);
				PRODUCT_BUNDLE_IDENTIFIER = cxylg.CityPicker;
				PRODUCT_NAME = "$(TARGET_NAME)";
				PROVISIONING_PROFILE_SPECIFIER = "* Development";
				SWIFT_VERSION = 4.2;
				TARGETED_DEVICE_FAMILY = "1,2";
			};
			name = Release;
		};
		FE714081215E081D00DC6A34 /* Debug */ = {
			isa = XCBuildConfiguration;
			buildSettings = {
				ALWAYS_EMBED_SWIFT_STANDARD_LIBRARIES = YES;
				BUNDLE_LOADER = "$(TEST_HOST)";
				CODE_SIGN_STYLE = Automatic;
				INFOPLIST_FILE = CityPickerTests/Info.plist;
				LD_RUNPATH_SEARCH_PATHS = (
					"$(inherited)",
					"@executable_path/Frameworks",
					"@loader_path/Frameworks",
				);
				PRODUCT_BUNDLE_IDENTIFIER = cxylg.CityPickerTests;
				PRODUCT_NAME = "$(TARGET_NAME)";
				SWIFT_VERSION = 4.2;
				TARGETED_DEVICE_FAMILY = "1,2";
				TEST_HOST = "$(BUILT_PRODUCTS_DIR)/CityPicker.app/CityPicker";
			};
			name = Debug;
		};
		FE714082215E081D00DC6A34 /* Release */ = {
			isa = XCBuildConfiguration;
			buildSettings = {
				ALWAYS_EMBED_SWIFT_STANDARD_LIBRARIES = YES;
				BUNDLE_LOADER = "$(TEST_HOST)";
				CODE_SIGN_STYLE = Automatic;
				INFOPLIST_FILE = CityPickerTests/Info.plist;
				LD_RUNPATH_SEARCH_PATHS = (
					"$(inherited)",
					"@executable_path/Frameworks",
					"@loader_path/Frameworks",
				);
				PRODUCT_BUNDLE_IDENTIFIER = cxylg.CityPickerTests;
				PRODUCT_NAME = "$(TARGET_NAME)";
				SWIFT_VERSION = 4.2;
				TARGETED_DEVICE_FAMILY = "1,2";
				TEST_HOST = "$(BUILT_PRODUCTS_DIR)/CityPicker.app/CityPicker";
			};
			name = Release;
		};
		FE714084215E081D00DC6A34 /* Debug */ = {
			isa = XCBuildConfiguration;
			buildSettings = {
				ALWAYS_EMBED_SWIFT_STANDARD_LIBRARIES = YES;
				CODE_SIGN_STYLE = Automatic;
				INFOPLIST_FILE = CityPickerUITests/Info.plist;
				LD_RUNPATH_SEARCH_PATHS = (
					"$(inherited)",
					"@executable_path/Frameworks",
					"@loader_path/Frameworks",
				);
				PRODUCT_BUNDLE_IDENTIFIER = cxylg.CityPickerUITests;
				PRODUCT_NAME = "$(TARGET_NAME)";
				SWIFT_VERSION = 4.2;
				TARGETED_DEVICE_FAMILY = "1,2";
				TEST_TARGET_NAME = CityPicker;
			};
			name = Debug;
		};
		FE714085215E081D00DC6A34 /* Release */ = {
			isa = XCBuildConfiguration;
			buildSettings = {
				ALWAYS_EMBED_SWIFT_STANDARD_LIBRARIES = YES;
				CODE_SIGN_STYLE = Automatic;
				INFOPLIST_FILE = CityPickerUITests/Info.plist;
				LD_RUNPATH_SEARCH_PATHS = (
					"$(inherited)",
					"@executable_path/Frameworks",
					"@loader_path/Frameworks",
				);
				PRODUCT_BUNDLE_IDENTIFIER = cxylg.CityPickerUITests;
				PRODUCT_NAME = "$(TARGET_NAME)";
				SWIFT_VERSION = 4.2;
				TARGETED_DEVICE_FAMILY = "1,2";
				TEST_TARGET_NAME = CityPicker;
			};
			name = Release;
		};
/* End XCBuildConfiguration section */

/* Begin XCConfigurationList section */
		FE714050215E081B00DC6A34 /* Build configuration list for PBXProject "CityPicker" */ = {
			isa = XCConfigurationList;
			buildConfigurations = (
				FE71407B215E081D00DC6A34 /* Debug */,
				FE71407C215E081D00DC6A34 /* Release */,
			);
			defaultConfigurationIsVisible = 0;
			defaultConfigurationName = Release;
		};
		FE71407D215E081D00DC6A34 /* Build configuration list for PBXNativeTarget "CityPicker" */ = {
			isa = XCConfigurationList;
			buildConfigurations = (
				FE71407E215E081D00DC6A34 /* Debug */,
				FE71407F215E081D00DC6A34 /* Release */,
			);
			defaultConfigurationIsVisible = 0;
			defaultConfigurationName = Release;
		};
		FE714080215E081D00DC6A34 /* Build configuration list for PBXNativeTarget "CityPickerTests" */ = {
			isa = XCConfigurationList;
			buildConfigurations = (
				FE714081215E081D00DC6A34 /* Debug */,
				FE714082215E081D00DC6A34 /* Release */,
			);
			defaultConfigurationIsVisible = 0;
			defaultConfigurationName = Release;
		};
		FE714083215E081D00DC6A34 /* Build configuration list for PBXNativeTarget "CityPickerUITests" */ = {
			isa = XCConfigurationList;
			buildConfigurations = (
				FE714084215E081D00DC6A34 /* Debug */,
				FE714085215E081D00DC6A34 /* Release */,
			);
			defaultConfigurationIsVisible = 0;
			defaultConfigurationName = Release;
		};
/* End XCConfigurationList section */
	};
	rootObject = FE71404D215E081B00DC6A34 /* Project object */;
}
